{
  "version": 4,
  "terraform_version": "0.12.12",
  "serial": 7,
  "lineage": "547d99d6-21df-aa60-85ec-00c14caaecac",
  "outputs": {},
  "resources": [
    {
      "module": "module.urhub-module",
      "mode": "managed",
      "type": "aws_cloudtrail",
      "name": "urhub-cloudtrail",
      "provider": "module.urhub-module.provider.aws",
      "instances": [
        {
          "schema_version": 0,
          "attributes": {
            "arn": "arn:aws:cloudtrail:us-east-1:884324295522:trail/dev-test-trail",
            "cloud_watch_logs_group_arn": "",
            "cloud_watch_logs_role_arn": "",
            "enable_log_file_validation": false,
            "enable_logging": true,
            "event_selector": [],
            "home_region": "us-east-1",
            "id": "dev-test-trail",
            "include_global_service_events": false,
            "is_multi_region_trail": false,
            "is_organization_trail": false,
            "kms_key_id": "",
            "name": "dev-test-trail",
            "s3_bucket_name": "dev-test-trail-bucket",
            "s3_key_prefix": "",
            "sns_topic_name": "",
            "tags": {
              "Environment": "developers",
              "Name": "dev-test-trail"
            }
          },
          "private": "bnVsbA=="
        }
      ]
    },
    {
      "module": "module.urhub-module",
      "mode": "managed",
      "type": "aws_s3_bucket",
      "name": "urhub-bucket",
      "provider": "module.urhub-module.provider.aws",
      "instances": [
        {
          "schema_version": 0,
          "attributes": {
            "acceleration_status": "",
            "acl": "private",
            "arn": "arn:aws:s3:::dev-test-trail-bucket",
            "bucket": "dev-test-trail-bucket",
            "bucket_domain_name": "dev-test-trail-bucket.s3.amazonaws.com",
            "bucket_prefix": null,
            "bucket_regional_domain_name": "dev-test-trail-bucket.s3.amazonaws.com",
            "cors_rule": [],
            "force_destroy": true,
            "hosted_zone_id": "Z3AQBSTGFYJSTF",
            "id": "dev-test-trail-bucket",
            "lifecycle_rule": [
              {
                "abort_incomplete_multipart_upload_days": 0,
                "enabled": true,
                "expiration": [
                  {
                    "date": "",
                    "days": 365,
                    "expired_object_delete_marker": false
                  }
                ],
                "id": "tf-s3-lifecycle-20191129090517816400000001",
                "noncurrent_version_expiration": [],
                "noncurrent_version_transition": [],
                "prefix": "/",
                "tags": {
                  "Environment": "developers",
                  "Name": "dev-test-trail-bucket"
                },
                "transition": [
                  {
                    "date": "",
                    "days": 90,
                    "storage_class": "ONEZONE_IA"
                  }
                ]
              }
            ],
            "logging": [],
            "object_lock_configuration": [],
            "policy": "{\"Statement\":[{\"Action\":\"s3:GetBucketAcl\",\"Effect\":\"Allow\",\"Principal\":{\"Service\":\"cloudtrail.amazonaws.com\"},\"Resource\":\"arn:aws:s3:::dev-test-trail-bucket\",\"Sid\":\"AWSCloudTrailAclCheck\"},{\"Action\":\"s3:PutObject\",\"Condition\":{\"StringEquals\":{\"s3:x-amz-acl\":\"bucket-owner-full-control\"}},\"Effect\":\"Allow\",\"Principal\":{\"Service\":\"cloudtrail.amazonaws.com\"},\"Resource\":\"arn:aws:s3:::dev-test-trail-bucket/*\",\"Sid\":\"AWSCloudTrailWrite\"}],\"Version\":\"2012-10-17\"}",
            "region": "us-east-1",
            "replication_configuration": [],
            "request_payer": "BucketOwner",
            "server_side_encryption_configuration": [
              {
                "rule": [
                  {
                    "apply_server_side_encryption_by_default": [
                      {
                        "kms_master_key_id": "",
                        "sse_algorithm": "AES256"
                      }
                    ]
                  }
                ]
              }
            ],
            "tags": {},
            "versioning": [
              {
                "enabled": true,
                "mfa_delete": false
              }
            ],
            "website": [],
            "website_domain": null,
            "website_endpoint": null
          },
          "private": "bnVsbA=="
        }
      ]
    }
  ]
}
